// !$*UTF8*$!
{
	archiveVersion = 1;
	classes = {
	};
	objectVersion = 56;
	objects = {

/* Begin PBXBuildFile section */
		010B508128D4FED1003FEAD0 /* BottomCard.swift in Sources */ = {isa = PBXBuildFile; fileRef = 010B508028D4FED1003FEAD0 /* BottomCard.swift */; };
		010B508728D53003003FEAD0 /* Sheet.swift in Sources */ = {isa = PBXBuildFile; fileRef = 010B508628D53003003FEAD0 /* Sheet.swift */; };
		012C722D28ECB27900F740E0 /* WorkoutModel.xcdatamodeld in Sources */ = {isa = PBXBuildFile; fileRef = 012C722B28ECB27900F740E0 /* WorkoutModel.xcdatamodeld */; };
		012C722F28ECB28600F740E0 /* DataController.swift in Sources */ = {isa = PBXBuildFile; fileRef = 012C722E28ECB28600F740E0 /* DataController.swift */; };
		013F594228D28F62005CC820 /* SpotterApp.swift in Sources */ = {isa = PBXBuildFile; fileRef = 013F594128D28F62005CC820 /* SpotterApp.swift */; };
		013F594428D28F62005CC820 /* ContentView.swift in Sources */ = {isa = PBXBuildFile; fileRef = 013F594328D28F62005CC820 /* ContentView.swift */; };
		013F594628D28F63005CC820 /* Assets.xcassets in Resources */ = {isa = PBXBuildFile; fileRef = 013F594528D28F63005CC820 /* Assets.xcassets */; };
		013F594928D28F63005CC820 /* Preview Assets.xcassets in Resources */ = {isa = PBXBuildFile; fileRef = 013F594828D28F63005CC820 /* Preview Assets.xcassets */; };
		013F595028D29076005CC820 /* Routine.swift in Sources */ = {isa = PBXBuildFile; fileRef = 013F594F28D29076005CC820 /* Routine.swift */; };
		013F595228D29173005CC820 /* HomeView.swift in Sources */ = {isa = PBXBuildFile; fileRef = 013F595128D29173005CC820 /* HomeView.swift */; };
		013F595428D2917D005CC820 /* ProfileView.swift in Sources */ = {isa = PBXBuildFile; fileRef = 013F595328D2917D005CC820 /* ProfileView.swift */; };
		013F595628D291F8005CC820 /* AddProgramView.swift in Sources */ = {isa = PBXBuildFile; fileRef = 013F595528D291F8005CC820 /* AddProgramView.swift */; };
		013F595828D29496005CC820 /* ExerciseSheetView.swift in Sources */ = {isa = PBXBuildFile; fileRef = 013F595728D29496005CC820 /* ExerciseSheetView.swift */; };
		0174A51C28DD744B00E92B40 /* ExerciseItemView.swift in Sources */ = {isa = PBXBuildFile; fileRef = 0174A51B28DD744B00E92B40 /* ExerciseItemView.swift */; };
		01CADFDA28DE8A9900747CFA /* AddExerciseView.swift in Sources */ = {isa = PBXBuildFile; fileRef = 01CADFD928DE8A9900747CFA /* AddExerciseView.swift */; };
/* End PBXBuildFile section */

/* Begin PBXFileReference section */
		010B508028D4FED1003FEAD0 /* BottomCard.swift */ = {isa = PBXFileReference; lastKnownFileType = sourcecode.swift; path = BottomCard.swift; sourceTree = "<group>"; };
		010B508628D53003003FEAD0 /* Sheet.swift */ = {isa = PBXFileReference; lastKnownFileType = sourcecode.swift; path = Sheet.swift; sourceTree = "<group>"; };
		012C722C28ECB27900F740E0 /* WorkoutModel.xcdatamodel */ = {isa = PBXFileReference; lastKnownFileType = wrapper.xcdatamodel; path = WorkoutModel.xcdatamodel; sourceTree = "<group>"; };
		012C722E28ECB28600F740E0 /* DataController.swift */ = {isa = PBXFileReference; lastKnownFileType = sourcecode.swift; path = DataController.swift; sourceTree = "<group>"; };
		013F593E28D28F62005CC820 /* SpotterApp.app */ = {isa = PBXFileReference; explicitFileType = wrapper.application; includeInIndex = 0; path = SpotterApp.app; sourceTree = BUILT_PRODUCTS_DIR; };
		013F594128D28F62005CC820 /* SpotterApp.swift */ = {isa = PBXFileReference; lastKnownFileType = sourcecode.swift; path = SpotterApp.swift; sourceTree = "<group>"; };
		013F594328D28F62005CC820 /* ContentView.swift */ = {isa = PBXFileReference; lastKnownFileType = sourcecode.swift; path = ContentView.swift; sourceTree = "<group>"; };
		013F594528D28F63005CC820 /* Assets.xcassets */ = {isa = PBXFileReference; lastKnownFileType = folder.assetcatalog; path = Assets.xcassets; sourceTree = "<group>"; };
		013F594828D28F63005CC820 /* Preview Assets.xcassets */ = {isa = PBXFileReference; lastKnownFileType = folder.assetcatalog; path = "Preview Assets.xcassets"; sourceTree = "<group>"; };
		013F594F28D29076005CC820 /* Routine.swift */ = {isa = PBXFileReference; lastKnownFileType = sourcecode.swift; path = Routine.swift; sourceTree = "<group>"; };
		013F595128D29173005CC820 /* HomeView.swift */ = {isa = PBXFileReference; lastKnownFileType = sourcecode.swift; path = HomeView.swift; sourceTree = "<group>"; };
		013F595328D2917D005CC820 /* ProfileView.swift */ = {isa = PBXFileReference; lastKnownFileType = sourcecode.swift; path = ProfileView.swift; sourceTree = "<group>"; };
		013F595528D291F8005CC820 /* AddProgramView.swift */ = {isa = PBXFileReference; lastKnownFileType = sourcecode.swift; path = AddProgramView.swift; sourceTree = "<group>"; };
		013F595728D29496005CC820 /* ExerciseSheetView.swift */ = {isa = PBXFileReference; lastKnownFileType = sourcecode.swift; path = ExerciseSheetView.swift; sourceTree = "<group>"; };
		0174A51B28DD744B00E92B40 /* ExerciseItemView.swift */ = {isa = PBXFileReference; lastKnownFileType = sourcecode.swift; path = ExerciseItemView.swift; sourceTree = "<group>"; };
		01CADFD928DE8A9900747CFA /* AddExerciseView.swift */ = {isa = PBXFileReference; lastKnownFileType = sourcecode.swift; path = AddExerciseView.swift; sourceTree = "<group>"; };
/* End PBXFileReference section */

/* Begin PBXFrameworksBuildPhase section */
		013F593B28D28F62005CC820 /* Frameworks */ = {
			isa = PBXFrameworksBuildPhase;
			buildActionMask = 2147483647;
			files = (
			);
			runOnlyForDeploymentPostprocessing = 0;
		};
/* End PBXFrameworksBuildPhase section */

/* Begin PBXGroup section */
		012C722928ECB25100F740E0 /* Model */ = {
			isa = PBXGroup;
			children = (
				013F594F28D29076005CC820 /* Routine.swift */,
				012C722B28ECB27900F740E0 /* WorkoutModel.xcdatamodeld */,
				012C722E28ECB28600F740E0 /* DataController.swift */,
			);
			path = Model;
			sourceTree = "<group>";
		};
		012C722A28ECB26200F740E0 /* Views */ = {
			isa = PBXGroup;
			children = (
				013F594328D28F62005CC820 /* ContentView.swift */,
				013F595728D29496005CC820 /* ExerciseSheetView.swift */,
				013F595528D291F8005CC820 /* AddProgramView.swift */,
				013F595128D29173005CC820 /* HomeView.swift */,
				0174A51B28DD744B00E92B40 /* ExerciseItemView.swift */,
				01CADFD928DE8A9900747CFA /* AddExerciseView.swift */,
				013F595328D2917D005CC820 /* ProfileView.swift */,
			);
			path = Views;
			sourceTree = "<group>";
		};
		013F593528D28F62005CC820 = {
			isa = PBXGroup;
			children = (
				013F594028D28F62005CC820 /* SpotterApp */,
				013F593F28D28F62005CC820 /* Products */,
			);
			sourceTree = "<group>";
		};
		013F593F28D28F62005CC820 /* Products */ = {
			isa = PBXGroup;
			children = (
				013F593E28D28F62005CC820 /* SpotterApp.app */,
			);
			name = Products;
			sourceTree = "<group>";
		};
		013F594028D28F62005CC820 /* SpotterApp */ = {
			isa = PBXGroup;
			children = (
				013F594128D28F62005CC820 /* SpotterApp.swift */,
				012C722A28ECB26200F740E0 /* Views */,
				012C722928ECB25100F740E0 /* Model */,
				010B508028D4FED1003FEAD0 /* BottomCard.swift */,
				010B508628D53003003FEAD0 /* Sheet.swift */,
				013F594528D28F63005CC820 /* Assets.xcassets */,
				013F594728D28F63005CC820 /* Preview Content */,
			);
			path = SpotterApp;
			sourceTree = "<group>";
		};
		013F594728D28F63005CC820 /* Preview Content */ = {
			isa = PBXGroup;
			children = (
				013F594828D28F63005CC820 /* Preview Assets.xcassets */,
			);
			path = "Preview Content";
			sourceTree = "<group>";
		};
/* End PBXGroup section */

/* Begin PBXNativeTarget section */
		013F593D28D28F62005CC820 /* SpotterApp */ = {
			isa = PBXNativeTarget;
			buildConfigurationList = 013F594C28D28F63005CC820 /* Build configuration list for PBXNativeTarget "SpotterApp" */;
			buildPhases = (
				013F593A28D28F62005CC820 /* Sources */,
				013F593B28D28F62005CC820 /* Frameworks */,
				013F593C28D28F62005CC820 /* Resources */,
			);
			buildRules = (
			);
			dependencies = (
			);
			name = SpotterApp;
			productName = SpotterApp;
			productReference = 013F593E28D28F62005CC820 /* SpotterApp.app */;
			productType = "com.apple.product-type.application";
		};
/* End PBXNativeTarget section */

/* Begin PBXProject section */
		013F593628D28F62005CC820 /* Project object */ = {
			isa = PBXProject;
			attributes = {
				BuildIndependentTargetsInParallel = 1;
				LastSwiftUpdateCheck = 1400;
				LastUpgradeCheck = 1400;
				TargetAttributes = {
					013F593D28D28F62005CC820 = {
						CreatedOnToolsVersion = 14.0;
					};
				};
			};
			buildConfigurationList = 013F593928D28F62005CC820 /* Build configuration list for PBXProject "SpotterApp" */;
			compatibilityVersion = "Xcode 14.0";
			developmentRegion = en;
			hasScannedForEncodings = 0;
			knownRegions = (
				en,
				Base,
			);
			mainGroup = 013F593528D28F62005CC820;
			productRefGroup = 013F593F28D28F62005CC820 /* Products */;
			projectDirPath = "";
			projectRoot = "";
			targets = (
				013F593D28D28F62005CC820 /* SpotterApp */,
			);
		};
/* End PBXProject section */

/* Begin PBXResourcesBuildPhase section */
		013F593C28D28F62005CC820 /* Resources */ = {
			isa = PBXResourcesBuildPhase;
			buildActionMask = 2147483647;
			files = (
				013F594928D28F63005CC820 /* Preview Assets.xcassets in Resources */,
				013F594628D28F63005CC820 /* Assets.xcassets in Resources */,
			);
			runOnlyForDeploymentPostprocessing = 0;
		};
/* End PBXResourcesBuildPhase section */

/* Begin PBXSourcesBuildPhase section */
		013F593A28D28F62005CC820 /* Sources */ = {
			isa = PBXSourcesBuildPhase;
			buildActionMask = 2147483647;
			files = (
				013F594428D28F62005CC820 /* ContentView.swift in Sources */,
				013F595628D291F8005CC820 /* AddProgramView.swift in Sources */,
				012C722D28ECB27900F740E0 /* WorkoutModel.xcdatamodeld in Sources */,
				010B508128D4FED1003FEAD0 /* BottomCard.swift in Sources */,
				013F595228D29173005CC820 /* HomeView.swift in Sources */,
				01CADFDA28DE8A9900747CFA /* AddExerciseView.swift in Sources */,
				0174A51C28DD744B00E92B40 /* ExerciseItemView.swift in Sources */,
				012C722F28ECB28600F740E0 /* DataController.swift in Sources */,
				013F595428D2917D005CC820 /* ProfileView.swift in Sources */,
				010B508728D53003003FEAD0 /* Sheet.swift in Sources */,
				013F594228D28F62005CC820 /* SpotterApp.swift in Sources */,
				013F595828D29496005CC820 /* ExerciseSheetView.swift in Sources */,
				013F595028D29076005CC820 /* Routine.swift in Sources */,
			);
			runOnlyForDeploymentPostprocessing = 0;
		};
/* End PBXSourcesBuildPhase section */

/* Begin XCBuildConfiguration section */
		013F594A28D28F63005CC820 /* Debug */ = {
			isa = XCBuildConfiguration;
			buildSettings = {
				ALWAYS_SEARCH_USER_PATHS = NO;
				CLANG_ANALYZER_NONNULL = YES;
				CLANG_ANALYZER_NUMBER_OBJECT_CONVERSION = YES_AGGRESSIVE;
				CLANG_CXX_LANGUAGE_STANDARD = "gnu++20";
				CLANG_ENABLE_MODULES = YES;
				CLANG_ENABLE_OBJC_ARC = YES;
				CLANG_ENABLE_OBJC_WEAK = YES;
				CLANG_WARN_BLOCK_CAPTURE_AUTORELEASING = YES;
				CLANG_WARN_BOOL_CONVERSION = YES;
				CLANG_WARN_COMMA = YES;
				CLANG_WARN_CONSTANT_CONVERSION = YES;
				CLANG_WARN_DEPRECATED_OBJC_IMPLEMENTATIONS = YES;
				CLANG_WARN_DIRECT_OBJC_ISA_USAGE = YES_ERROR;
				CLANG_WARN_DOCUMENTATION_COMMENTS = YES;
				CLANG_WARN_EMPTY_BODY = YES;
				CLANG_WARN_ENUM_CONVERSION = YES;
				CLANG_WARN_INFINITE_RECURSION = YES;
				CLANG_WARN_INT_CONVERSION = YES;
				CLANG_WARN_NON_LITERAL_NULL_CONVERSION = YES;
				CLANG_WARN_OBJC_IMPLICIT_RETAIN_SELF = YES;
				CLANG_WARN_OBJC_LITERAL_CONVERSION = YES;
				CLANG_WARN_OBJC_ROOT_CLASS = YES_ERROR;
				CLANG_WARN_QUOTED_INCLUDE_IN_FRAMEWORK_HEADER = YES;
				CLANG_WARN_RANGE_LOOP_ANALYSIS = YES;
				CLANG_WARN_STRICT_PROTOTYPES = YES;
				CLANG_WARN_SUSPICIOUS_MOVE = YES;
				CLANG_WARN_UNGUARDED_AVAILABILITY = YES_AGGRESSIVE;
				CLANG_WARN_UNREACHABLE_CODE = YES;
				CLANG_WARN__DUPLICATE_METHOD_MATCH = YES;
				COPY_PHASE_STRIP = NO;
				DEBUG_INFORMATION_FORMAT = dwarf;
				ENABLE_STRICT_OBJC_MSGSEND = YES;
				ENABLE_TESTABILITY = YES;
				GCC_C_LANGUAGE_STANDARD = gnu11;
				GCC_DYNAMIC_NO_PIC = NO;
				GCC_NO_COMMON_BLOCKS = YES;
				GCC_OPTIMIZATION_LEVEL = 0;
				GCC_PREPROCESSOR_DEFINITIONS = (
					"DEBUG=1",
					"$(inherited)",
				);
				GCC_WARN_64_TO_32_BIT_CONVERSION = YES;
				GCC_WARN_ABOUT_RETURN_TYPE = YES_ERROR;
				GCC_WARN_UNDECLARED_SELECTOR = YES;
				GCC_WARN_UNINITIALIZED_AUTOS = YES_AGGRESSIVE;
				GCC_WARN_UNUSED_FUNCTION = YES;
				GCC_WARN_UNUSED_VARIABLE = YES;
				IPHONEOS_DEPLOYMENT_TARGET = 16.0;
				MTL_ENABLE_DEBUG_INFO = INCLUDE_SOURCE;
				MTL_FAST_MATH = YES;
				ONLY_ACTIVE_ARCH = YES;
				SDKROOT = iphoneos;
				SWIFT_ACTIVE_COMPILATION_CONDITIONS = DEBUG;
				SWIFT_OPTIMIZATION_LEVEL = "-Onone";
			};
			name = Debug;
		};
		013F594B28D28F63005CC820 /* Release */ = {
			isa = XCBuildConfiguration;
			buildSettings = {
				ALWAYS_SEARCH_USER_PATHS = NO;
				CLANG_ANALYZER_NONNULL = YES;
				CLANG_ANALYZER_NUMBER_OBJECT_CONVERSION = YES_AGGRESSIVE;
				CLANG_CXX_LANGUAGE_STANDARD = "gnu++20";
				CLANG_ENABLE_MODULES = YES;
				CLANG_ENABLE_OBJC_ARC = YES;
				CLANG_ENABLE_OBJC_WEAK = YES;
				CLANG_WARN_BLOCK_CAPTURE_AUTORELEASING = YES;
				CLANG_WARN_BOOL_CONVERSION = YES;
				CLANG_WARN_COMMA = YES;
				CLANG_WARN_CONSTANT_CONVERSION = YES;
				CLANG_WARN_DEPRECATED_OBJC_IMPLEMENTATIONS = YES;
				CLANG_WARN_DIRECT_OBJC_ISA_USAGE = YES_ERROR;
				CLANG_WARN_DOCUMENTATION_COMMENTS = YES;
				CLANG_WARN_EMPTY_BODY = YES;
				CLANG_WARN_ENUM_CONVERSION = YES;
				CLANG_WARN_INFINITE_RECURSION = YES;
				CLANG_WARN_INT_CONVERSION = YES;
				CLANG_WARN_NON_LITERAL_NULL_CONVERSION = YES;
				CLANG_WARN_OBJC_IMPLICIT_RETAIN_SELF = YES;
				CLANG_WARN_OBJC_LITERAL_CONVERSION = YES;
				CLANG_WARN_OBJC_ROOT_CLASS = YES_ERROR;
				CLANG_WARN_QUOTED_INCLUDE_IN_FRAMEWORK_HEADER = YES;
				CLANG_WARN_RANGE_LOOP_ANALYSIS = YES;
				CLANG_WARN_STRICT_PROTOTYPES = YES;
				CLANG_WARN_SUSPICIOUS_MOVE = YES;
				CLANG_WARN_UNGUARDED_AVAILABILITY = YES_AGGRESSIVE;
				CLANG_WARN_UNREACHABLE_CODE = YES;
				CLANG_WARN__DUPLICATE_METHOD_MATCH = YES;
				COPY_PHASE_STRIP = NO;
				DEBUG_INFORMATION_FORMAT = "dwarf-with-dsym";
				ENABLE_NS_ASSERTIONS = NO;
				ENABLE_STRICT_OBJC_MSGSEND = YES;
				GCC_C_LANGUAGE_STANDARD = gnu11;
				GCC_NO_COMMON_BLOCKS = YES;
				GCC_WARN_64_TO_32_BIT_CONVERSION = YES;
				GCC_WARN_ABOUT_RETURN_TYPE = YES_ERROR;
				GCC_WARN_UNDECLARED_SELECTOR = YES;
				GCC_WARN_UNINITIALIZED_AUTOS = YES_AGGRESSIVE;
				GCC_WARN_UNUSED_FUNCTION = YES;
				GCC_WARN_UNUSED_VARIABLE = YES;
				IPHONEOS_DEPLOYMENT_TARGET = 16.0;
				MTL_ENABLE_DEBUG_INFO = NO;
				MTL_FAST_MATH = YES;
				SDKROOT = iphoneos;
				SWIFT_COMPILATION_MODE = wholemodule;
				SWIFT_OPTIMIZATION_LEVEL = "-O";
				VALIDATE_PRODUCT = YES;
			};
			name = Release;
		};
		013F594D28D28F63005CC820 /* Debug */ = {
			isa = XCBuildConfiguration;
			buildSettings = {
				ASSETCATALOG_COMPILER_APPICON_NAME = AppIcon;
				ASSETCATALOG_COMPILER_GLOBAL_ACCENT_COLOR_NAME = AccentColor;
				CODE_SIGN_STYLE = Automatic;
				CURRENT_PROJECT_VERSION = 1;
				DEVELOPMENT_ASSET_PATHS = "\"SpotterApp/Preview Content\"";
				ENABLE_PREVIEWS = YES;
				GENERATE_INFOPLIST_FILE = YES;
				INFOPLIST_KEY_UIApplicationSceneManifest_Generation = YES;
				INFOPLIST_KEY_UIApplicationSupportsIndirectInputEvents = YES;
				INFOPLIST_KEY_UILaunchScreen_Generation = YES;
				INFOPLIST_KEY_UISupportedInterfaceOrientations_iPad = "UIInterfaceOrientationPortrait UIInterfaceOrientationPortraitUpsideDown UIInterfaceOrientationLandscapeLeft UIInterfaceOrientationLandscapeRight";
				INFOPLIST_KEY_UISupportedInterfaceOrientations_iPhone = "UIInterfaceOrientationPortrait UIInterfaceOrientationLandscapeLeft UIInterfaceOrientationLandscapeRight";
				IPHONEOS_DEPLOYMENT_TARGET = 16.0;
				LD_RUNPATH_SEARCH_PATHS = (
					"$(inherited)",
					"@executable_path/Frameworks",
				);
				MARKETING_VERSION = 1.0;
				PRODUCT_BUNDLE_IDENTIFIER = josephnevado.SpotterApp;
				PRODUCT_NAME = "$(TARGET_NAME)";
				SWIFT_EMIT_LOC_STRINGS = YES;
				SWIFT_VERSION = 5.0;
				TARGETED_DEVICE_FAMILY = "1,2";
			};
			name = Debug;
		};
		013F594E28D28F63005CC820 /* Release */ = {
			isa = XCBuildConfiguration;
			buildSettings = {
				ASSETCATALOG_COMPILER_APPICON_NAME = AppIcon;
				ASSETCATALOG_COMPILER_GLOBAL_ACCENT_COLOR_NAME = AccentColor;
				CODE_SIGN_STYLE = Automatic;
				CURRENT_PROJECT_VERSION = 1;
				DEVELOPMENT_ASSET_PATHS = "\"SpotterApp/Preview Content\"";
				ENABLE_PREVIEWS = YES;
				GENERATE_INFOPLIST_FILE = YES;
				INFOPLIST_KEY_UIApplicationSceneManifest_Generation = YES;
				INFOPLIST_KEY_UIApplicationSupportsIndirectInputEvents = YES;
				INFOPLIST_KEY_UILaunchScreen_Generation = YES;
				INFOPLIST_KEY_UISupportedInterfaceOrientations_iPad = "UIInterfaceOrientationPortrait UIInterfaceOrientationPortraitUpsideDown UIInterfaceOrientationLandscapeLeft UIInterfaceOrientationLandscapeRight";
				INFOPLIST_KEY_UISupportedInterfaceOrientations_iPhone = "UIInterfaceOrientationPortrait UIInterfaceOrientationLandscapeLeft UIInterfaceOrientationLandscapeRight";
				IPHONEOS_DEPLOYMENT_TARGET = 16.0;
				LD_RUNPATH_SEARCH_PATHS = (
					"$(inherited)",
					"@executable_path/Frameworks",
				);
				MARKETING_VERSION = 1.0;
				PRODUCT_BUNDLE_IDENTIFIER = josephnevado.SpotterApp;
				PRODUCT_NAME = "$(TARGET_NAME)";
				SWIFT_EMIT_LOC_STRINGS = YES;
				SWIFT_VERSION = 5.0;
				TARGETED_DEVICE_FAMILY = "1,2";
			};
			name = Release;
		};
/* End XCBuildConfiguration section */

/* Begin XCConfigurationList section */
		013F593928D28F62005CC820 /* Build configuration list for PBXProject "SpotterApp" */ = {
			isa = XCConfigurationList;
			buildConfigurations = (
				013F594A28D28F63005CC820 /* Debug */,
				013F594B28D28F63005CC820 /* Release */,
			);
			defaultConfigurationIsVisible = 0;
			defaultConfigurationName = Release;
		};
		013F594C28D28F63005CC820 /* Build configuration list for PBXNativeTarget "SpotterApp" */ = {
			isa = XCConfigurationList;
			buildConfigurations = (
				013F594D28D28F63005CC820 /* Debug */,
				013F594E28D28F63005CC820 /* Release */,
			);
			defaultConfigurationIsVisible = 0;
			defaultConfigurationName = Release;
		};
/* End XCConfigurationList section */

/* Begin XCVersionGroup section */
		012C722B28ECB27900F740E0 /* WorkoutModel.xcdatamodeld */ = {
			isa = XCVersionGroup;
			children = (
				012C722C28ECB27900F740E0 /* WorkoutModel.xcdatamodel */,
			);
			currentVersion = 012C722C28ECB27900F740E0 /* WorkoutModel.xcdatamodel */;
			path = WorkoutModel.xcdatamodeld;
			sourceTree = "<group>";
			versionGroupType = wrapper.xcdatamodel;
		};
/* End XCVersionGroup section */
	};
	rootObject = 013F593628D28F62005CC820 /* Project object */;
}
